
Microsoft Visual Studio Solution File, Format Version 12.00
# Visual Studio 15
VisualStudioVersion = 15.0.28307.329
MinimumVisualStudioVersion = 10.0.40219.1
Project("{FAE04EC0-301F-11D3-BF4B-00C04F79EFBC}") = "netCorePiesFromScratch", "netCorePiesFromScratch\netCorePiesFromScratch.csproj", "{AD165178-48CD-41EE-9152-CFE6773CE1A7}"
EndProject
Global
	GlobalSection(SolutionConfigurationPlatforms) = preSolution
		Debug|Any CPU = Debug|Any CPU
		Release|Any CPU = Release|Any CPU
	EndGlobalSection
	GlobalSection(ProjectConfigurationPlatforms) = postSolution
		{AD165178-48CD-41EE-9152-CFE6773CE1A7}.Debug|Any CPU.ActiveCfg = Debug|Any CPU
		{AD165178-48CD-41EE-9152-CFE6773CE1A7}.Debug|Any CPU.Build.0 = Debug|Any CPU
		{AD165178-48CD-41EE-9152-CFE6773CE1A7}.Release|Any CPU.ActiveCfg = Release|Any CPU
		{AD165178-48CD-41EE-9152-CFE6773CE1A7}.Release|Any CPU.Build.0 = Release|Any CPU
	EndGlobalSection
	GlobalSection(SolutionProperties) = preSolution
		HideSolutionNode = FALSE
	EndGlobalSection
	GlobalSection(ExtensibilityGlobals) = postSolution
		SolutionGuid = {F91E055B-7C74-4E70-880E-7D1D5800CB54}
	EndGlobalSection
EndGlobal
